
Microsoft Visual Studio Solution File, Format Version 12.00
# Visual Studio Version 17
VisualStudioVersion = 17.12.35323.107
MinimumVisualStudioVersion = 10.0.40219.1
Project("{FAE04EC0-301F-11D3-BF4B-00C04F79EFBC}") = "delegateExample", "delegateExample.csproj", "{8630A501-E0F6-41F4-B924-47BC7BA49225}"
EndProject
Global
	GlobalSection(SolutionConfigurationPlatforms) = preSolution
		Debug|Any CPU = Debug|Any CPU
		Release|Any CPU = Release|Any CPU
	EndGlobalSection
	GlobalSection(ProjectConfigurationPlatforms) = postSolution
		{8630A501-E0F6-41F4-B924-47BC7BA49225}.Debug|Any CPU.ActiveCfg = Debug|Any CPU
		{8630A501-E0F6-41F4-B924-47BC7BA49225}.Debug|Any CPU.Build.0 = Debug|Any CPU
		{8630A501-E0F6-41F4-B924-47BC7BA49225}.Release|Any CPU.ActiveCfg = Release|Any CPU
		{8630A501-E0F6-41F4-B924-47BC7BA49225}.Release|Any CPU.Build.0 = Release|Any CPU
	EndGlobalSection
	GlobalSection(SolutionProperties) = preSolution
		HideSolutionNode = FALSE
	EndGlobalSection
	GlobalSection(ExtensibilityGlobals) = postSolution
		SolutionGuid = {76306F7A-E242-43F4-BA9C-17FD66E047AA}
	EndGlobalSection
EndGlobal
