
Microsoft Visual Studio Solution File, Format Version 12.00
# Visual Studio Version 17
VisualStudioVersion = 17.12.35323.107
MinimumVisualStudioVersion = 10.0.40219.1
Project("{FAE04EC0-301F-11D3-BF4B-00C04F79EFBC}") = "interfaceEg", "interfaceEg.csproj", "{DACE2A75-8794-4CFE-9D51-EDFB6EDF83E6}"
EndProject
Global
	GlobalSection(SolutionConfigurationPlatforms) = preSolution
		Debug|Any CPU = Debug|Any CPU
		Release|Any CPU = Release|Any CPU
	EndGlobalSection
	GlobalSection(ProjectConfigurationPlatforms) = postSolution
		{DACE2A75-8794-4CFE-9D51-EDFB6EDF83E6}.Debug|Any CPU.ActiveCfg = Debug|Any CPU
		{DACE2A75-8794-4CFE-9D51-EDFB6EDF83E6}.Debug|Any CPU.Build.0 = Debug|Any CPU
		{DACE2A75-8794-4CFE-9D51-EDFB6EDF83E6}.Release|Any CPU.ActiveCfg = Release|Any CPU
		{DACE2A75-8794-4CFE-9D51-EDFB6EDF83E6}.Release|Any CPU.Build.0 = Release|Any CPU
	EndGlobalSection
	GlobalSection(SolutionProperties) = preSolution
		HideSolutionNode = FALSE
	EndGlobalSection
	GlobalSection(ExtensibilityGlobals) = postSolution
		SolutionGuid = {D4A1F73A-68EB-4F0C-9BCF-B0C83FE6D132}
	EndGlobalSection
EndGlobal
