
Microsoft Visual Studio Solution File, Format Version 12.00
# Visual Studio Version 17
VisualStudioVersion = 17.12.35323.107
MinimumVisualStudioVersion = 10.0.40219.1
Project("{F184B08F-C81C-45F6-A57F-5ABD9991F28F}") = "InheritArea", "InheritArea.vbproj", "{45092605-64E0-4196-9352-2E15C128EE72}"
EndProject
Global
	GlobalSection(SolutionConfigurationPlatforms) = preSolution
		Debug|Any CPU = Debug|Any CPU
		Release|Any CPU = Release|Any CPU
	EndGlobalSection
	GlobalSection(ProjectConfigurationPlatforms) = postSolution
		{45092605-64E0-4196-9352-2E15C128EE72}.Debug|Any CPU.ActiveCfg = Debug|Any CPU
		{45092605-64E0-4196-9352-2E15C128EE72}.Debug|Any CPU.Build.0 = Debug|Any CPU
		{45092605-64E0-4196-9352-2E15C128EE72}.Release|Any CPU.ActiveCfg = Release|Any CPU
		{45092605-64E0-4196-9352-2E15C128EE72}.Release|Any CPU.Build.0 = Release|Any CPU
	EndGlobalSection
	GlobalSection(SolutionProperties) = preSolution
		HideSolutionNode = FALSE
	EndGlobalSection
	GlobalSection(ExtensibilityGlobals) = postSolution
		SolutionGuid = {E30C6DF2-6A25-4F71-AAB8-2BBBCF09DBDF}
	EndGlobalSection
EndGlobal
