
Microsoft Visual Studio Solution File, Format Version 12.00
# Visual Studio Version 17
VisualStudioVersion = 17.12.35323.107
MinimumVisualStudioVersion = 10.0.40219.1
Project("{F184B08F-C81C-45F6-A57F-5ABD9991F28F}") = "inhImp", "inhImp.vbproj", "{AF378B50-4E24-4CC4-B3E4-4B3E63A088A0}"
EndProject
Global
	GlobalSection(SolutionConfigurationPlatforms) = preSolution
		Debug|Any CPU = Debug|Any CPU
		Release|Any CPU = Release|Any CPU
	EndGlobalSection
	GlobalSection(ProjectConfigurationPlatforms) = postSolution
		{AF378B50-4E24-4CC4-B3E4-4B3E63A088A0}.Debug|Any CPU.ActiveCfg = Debug|Any CPU
		{AF378B50-4E24-4CC4-B3E4-4B3E63A088A0}.Debug|Any CPU.Build.0 = Debug|Any CPU
		{AF378B50-4E24-4CC4-B3E4-4B3E63A088A0}.Release|Any CPU.ActiveCfg = Release|Any CPU
		{AF378B50-4E24-4CC4-B3E4-4B3E63A088A0}.Release|Any CPU.Build.0 = Release|Any CPU
	EndGlobalSection
	GlobalSection(SolutionProperties) = preSolution
		HideSolutionNode = FALSE
	EndGlobalSection
	GlobalSection(ExtensibilityGlobals) = postSolution
		SolutionGuid = {8C0554F7-FB98-401B-B76E-CFDC7D1C0828}
	EndGlobalSection
EndGlobal
