
Microsoft Visual Studio Solution File, Format Version 12.00
# Visual Studio Version 17
VisualStudioVersion = 17.13.35507.96 d17.13
MinimumVisualStudioVersion = 10.0.40219.1
Project("{FAE04EC0-301F-11D3-BF4B-00C04F79EFBC}") = "JaggedArray", "JaggedArray.csproj", "{E76543F2-1777-4CCA-B84A-10B83A74CEEB}"
EndProject
Global
	GlobalSection(SolutionConfigurationPlatforms) = preSolution
		Debug|Any CPU = Debug|Any CPU
		Release|Any CPU = Release|Any CPU
	EndGlobalSection
	GlobalSection(ProjectConfigurationPlatforms) = postSolution
		{E76543F2-1777-4CCA-B84A-10B83A74CEEB}.Debug|Any CPU.ActiveCfg = Debug|Any CPU
		{E76543F2-1777-4CCA-B84A-10B83A74CEEB}.Debug|Any CPU.Build.0 = Debug|Any CPU
		{E76543F2-1777-4CCA-B84A-10B83A74CEEB}.Release|Any CPU.ActiveCfg = Release|Any CPU
		{E76543F2-1777-4CCA-B84A-10B83A74CEEB}.Release|Any CPU.Build.0 = Release|Any CPU
	EndGlobalSection
	GlobalSection(SolutionProperties) = preSolution
		HideSolutionNode = FALSE
	EndGlobalSection
	GlobalSection(ExtensibilityGlobals) = postSolution
		SolutionGuid = {368F0328-544F-46E8-9671-69194A900C7A}
	EndGlobalSection
EndGlobal
